
Microsoft Visual Studio Solution File, Format Version 12.00
# Visual Studio Version 17
VisualStudioVersion = 17.10.35122.118
MinimumVisualStudioVersion = 10.0.40219.1
Project("{8BC9CEB8-8B4A-11D0-8D11-00A0C91BC942}") = "VL53L5CX_Sensor", "VL53L5CX_Sensor\VL53L5CX_Sensor.vcxproj", "{F8DBB01E-15CD-4418-9B42-E8CB36DF6106}"
EndProject
Project("{8BC9CEB8-8B4A-11D0-8D11-00A0C91BC942}") = "tof_client_cpp", "tof_client_cpp\tof_client_cpp.vcxproj", "{9A2D147E-E023-4FD7-AE67-39FA7D7762EE}"
	ProjectSection(ProjectDependencies) = postProject
		{F8DBB01E-15CD-4418-9B42-E8CB36DF6106} = {F8DBB01E-15CD-4418-9B42-E8CB36DF6106}
	EndProjectSection
EndProject
Project("{9A19103F-16F7-4668-BE54-9A1E7A4F7556}") = "TOF_Client_donet", "TOF_Client_donet\TOF_Client_donet.csproj", "{5822CA66-0308-4BB0-A336-2F07094BA235}"
	ProjectSection(ProjectDependencies) = postProject
		{F8DBB01E-15CD-4418-9B42-E8CB36DF6106} = {F8DBB01E-15CD-4418-9B42-E8CB36DF6106}
	EndProjectSection
EndProject
Global
	GlobalSection(SolutionConfigurationPlatforms) = preSolution
		Debug|Any CPU = Debug|Any CPU
		Debug|x64 = Debug|x64
		Debug|x86 = Debug|x86
		Release|Any CPU = Release|Any CPU
		Release|x64 = Release|x64
		Release|x86 = Release|x86
	EndGlobalSection
	GlobalSection(ProjectConfigurationPlatforms) = postSolution
		{F8DBB01E-15CD-4418-9B42-E8CB36DF6106}.Debug|Any CPU.ActiveCfg = Debug|x64
		{F8DBB01E-15CD-4418-9B42-E8CB36DF6106}.Debug|Any CPU.Build.0 = Debug|x64
		{F8DBB01E-15CD-4418-9B42-E8CB36DF6106}.Debug|x64.ActiveCfg = Debug|x64
		{F8DBB01E-15CD-4418-9B42-E8CB36DF6106}.Debug|x64.Build.0 = Debug|x64
		{F8DBB01E-15CD-4418-9B42-E8CB36DF6106}.Debug|x86.ActiveCfg = Debug|Win32
		{F8DBB01E-15CD-4418-9B42-E8CB36DF6106}.Debug|x86.Build.0 = Debug|Win32
		{F8DBB01E-15CD-4418-9B42-E8CB36DF6106}.Release|Any CPU.ActiveCfg = Release|x64
		{F8DBB01E-15CD-4418-9B42-E8CB36DF6106}.Release|Any CPU.Build.0 = Release|x64
		{F8DBB01E-15CD-4418-9B42-E8CB36DF6106}.Release|x64.ActiveCfg = Release|x64
		{F8DBB01E-15CD-4418-9B42-E8CB36DF6106}.Release|x64.Build.0 = Release|x64
		{F8DBB01E-15CD-4418-9B42-E8CB36DF6106}.Release|x86.ActiveCfg = Release|Win32
		{F8DBB01E-15CD-4418-9B42-E8CB36DF6106}.Release|x86.Build.0 = Release|Win32
		{9A2D147E-E023-4FD7-AE67-39FA7D7762EE}.Debug|Any CPU.ActiveCfg = Debug|x64
		{9A2D147E-E023-4FD7-AE67-39FA7D7762EE}.Debug|Any CPU.Build.0 = Debug|x64
		{9A2D147E-E023-4FD7-AE67-39FA7D7762EE}.Debug|x64.ActiveCfg = Debug|x64
		{9A2D147E-E023-4FD7-AE67-39FA7D7762EE}.Debug|x64.Build.0 = Debug|x64
		{9A2D147E-E023-4FD7-AE67-39FA7D7762EE}.Debug|x86.ActiveCfg = Debug|Win32
		{9A2D147E-E023-4FD7-AE67-39FA7D7762EE}.Debug|x86.Build.0 = Debug|Win32
		{9A2D147E-E023-4FD7-AE67-39FA7D7762EE}.Release|Any CPU.ActiveCfg = Release|x64
		{9A2D147E-E023-4FD7-AE67-39FA7D7762EE}.Release|Any CPU.Build.0 = Release|x64
		{9A2D147E-E023-4FD7-AE67-39FA7D7762EE}.Release|x64.ActiveCfg = Release|x64
		{9A2D147E-E023-4FD7-AE67-39FA7D7762EE}.Release|x64.Build.0 = Release|x64
		{9A2D147E-E023-4FD7-AE67-39FA7D7762EE}.Release|x86.ActiveCfg = Release|Win32
		{9A2D147E-E023-4FD7-AE67-39FA7D7762EE}.Release|x86.Build.0 = Release|Win32
		{5822CA66-0308-4BB0-A336-2F07094BA235}.Debug|Any CPU.ActiveCfg = Debug|Any CPU
		{5822CA66-0308-4BB0-A336-2F07094BA235}.Debug|Any CPU.Build.0 = Debug|Any CPU
		{5822CA66-0308-4BB0-A336-2F07094BA235}.Debug|x64.ActiveCfg = Debug|Any CPU
		{5822CA66-0308-4BB0-A336-2F07094BA235}.Debug|x64.Build.0 = Debug|Any CPU
		{5822CA66-0308-4BB0-A336-2F07094BA235}.Debug|x86.ActiveCfg = Debug|Any CPU
		{5822CA66-0308-4BB0-A336-2F07094BA235}.Debug|x86.Build.0 = Debug|Any CPU
		{5822CA66-0308-4BB0-A336-2F07094BA235}.Release|Any CPU.ActiveCfg = Release|Any CPU
		{5822CA66-0308-4BB0-A336-2F07094BA235}.Release|Any CPU.Build.0 = Release|Any CPU
		{5822CA66-0308-4BB0-A336-2F07094BA235}.Release|x64.ActiveCfg = Release|Any CPU
		{5822CA66-0308-4BB0-A336-2F07094BA235}.Release|x64.Build.0 = Release|Any CPU
		{5822CA66-0308-4BB0-A336-2F07094BA235}.Release|x86.ActiveCfg = Release|Any CPU
		{5822CA66-0308-4BB0-A336-2F07094BA235}.Release|x86.Build.0 = Release|Any CPU
	EndGlobalSection
	GlobalSection(SolutionProperties) = preSolution
		HideSolutionNode = FALSE
	EndGlobalSection
	GlobalSection(ExtensibilityGlobals) = postSolution
		SolutionGuid = {E8C1DFA4-5225-44A4-B1A0-2F3A599816A1}
	EndGlobalSection
EndGlobal
